
Microsoft Visual Studio Solution File, Format Version 12.00
# Visual Studio Version 16
VisualStudioVersion = 16.0.31321.278
MinimumVisualStudioVersion = 10.0.40219.1
Project("{8BC9CEB8-8B4A-11D0-8D11-00A0C91BC942}") = "console_app-strateski-krizic-kruzic", "console_app-strateski-krizic-kruzic.vcxproj", "{B6DDDA84-25D1-464B-A671-BF7FA4C127EA}"
EndProject
Global
	GlobalSection(SolutionConfigurationPlatforms) = preSolution
		Debug|x64 = Debug|x64
		Debug|x86 = Debug|x86
		Release|x64 = Release|x64
		Release|x86 = Release|x86
	EndGlobalSection
	GlobalSection(ProjectConfigurationPlatforms) = postSolution
		{B6DDDA84-25D1-464B-A671-BF7FA4C127EA}.Debug|x64.ActiveCfg = Debug|x64
		{B6DDDA84-25D1-464B-A671-BF7FA4C127EA}.Debug|x64.Build.0 = Debug|x64
		{B6DDDA84-25D1-464B-A671-BF7FA4C127EA}.Debug|x86.ActiveCfg = Debug|Win32
		{B6DDDA84-25D1-464B-A671-BF7FA4C127EA}.Debug|x86.Build.0 = Debug|Win32
		{B6DDDA84-25D1-464B-A671-BF7FA4C127EA}.Release|x64.ActiveCfg = Release|x64
		{B6DDDA84-25D1-464B-A671-BF7FA4C127EA}.Release|x64.Build.0 = Release|x64
		{B6DDDA84-25D1-464B-A671-BF7FA4C127EA}.Release|x86.ActiveCfg = Release|Win32
		{B6DDDA84-25D1-464B-A671-BF7FA4C127EA}.Release|x86.Build.0 = Release|Win32
	EndGlobalSection
	GlobalSection(SolutionProperties) = preSolution
		HideSolutionNode = FALSE
	EndGlobalSection
	GlobalSection(ExtensibilityGlobals) = postSolution
		SolutionGuid = {8F1E0257-42D6-4B66-AC2C-A62A5E93670E}
	EndGlobalSection
EndGlobal
